
Microsoft Visual Studio Solution File, Format Version 12.00
# Visual Studio Version 16
VisualStudioVersion = 16.0.31112.23
MinimumVisualStudioVersion = 10.0.40219.1
Project("{FAE04EC0-301F-11D3-BF4B-00C04F79EFBC}") = "LoginModule", "LoginModule\LoginModule.csproj", "{110129E3-F49B-41ED-9BC3-97B2346D7715}"
EndProject
Global
	GlobalSection(SolutionConfigurationPlatforms) = preSolution
		Debug|Any CPU = Debug|Any CPU
		Release|Any CPU = Release|Any CPU
	EndGlobalSection
	GlobalSection(ProjectConfigurationPlatforms) = postSolution
		{110129E3-F49B-41ED-9BC3-97B2346D7715}.Debug|Any CPU.ActiveCfg = Debug|Any CPU
		{110129E3-F49B-41ED-9BC3-97B2346D7715}.Debug|Any CPU.Build.0 = Debug|Any CPU
		{110129E3-F49B-41ED-9BC3-97B2346D7715}.Release|Any CPU.ActiveCfg = Release|Any CPU
		{110129E3-F49B-41ED-9BC3-97B2346D7715}.Release|Any CPU.Build.0 = Release|Any CPU
	EndGlobalSection
	GlobalSection(SolutionProperties) = preSolution
		HideSolutionNode = FALSE
	EndGlobalSection
	GlobalSection(ExtensibilityGlobals) = postSolution
		SolutionGuid = {D613D84C-25F7-4144-882A-3F896F398EDB}
	EndGlobalSection
EndGlobal
